
Microsoft Visual Studio Solution File, Format Version 12.00
# Visual Studio Version 17
VisualStudioVersion = 17.2.32602.215
MinimumVisualStudioVersion = 10.0.40219.1
Project("{FAE04EC0-301F-11D3-BF4B-00C04F79EFBC}") = "TrainingAspNet", "TrainingAspNet\TrainingAspNet.csproj", "{2B1BAEFD-0ACA-4D95-9FC2-E8570D3326C0}"
EndProject
Global
	GlobalSection(SolutionConfigurationPlatforms) = preSolution
		Debug|Any CPU = Debug|Any CPU
		Release|Any CPU = Release|Any CPU
	EndGlobalSection
	GlobalSection(ProjectConfigurationPlatforms) = postSolution
		{2B1BAEFD-0ACA-4D95-9FC2-E8570D3326C0}.Debug|Any CPU.ActiveCfg = Debug|Any CPU
		{2B1BAEFD-0ACA-4D95-9FC2-E8570D3326C0}.Debug|Any CPU.Build.0 = Debug|Any CPU
		{2B1BAEFD-0ACA-4D95-9FC2-E8570D3326C0}.Release|Any CPU.ActiveCfg = Release|Any CPU
		{2B1BAEFD-0ACA-4D95-9FC2-E8570D3326C0}.Release|Any CPU.Build.0 = Release|Any CPU
	EndGlobalSection
	GlobalSection(SolutionProperties) = preSolution
		HideSolutionNode = FALSE
	EndGlobalSection
	GlobalSection(ExtensibilityGlobals) = postSolution
		SolutionGuid = {A6C5E17A-1AE6-4615-8BAE-B3B46982120C}
	EndGlobalSection
EndGlobal
